{
  "requires": true,
  "lockfileVersion": 1,
  "dependencies": {
    "nojs": {
      "version": "0.1.3",
      "resolved": "https://registry.npmjs.org/nojs/-/nojs-0.1.3.tgz",
      "integrity": "sha512-3RxIzkCV28SiX/Vbeg2VpohoYVAb1fKG5zacJpu5lXZXPuh4nJLhqfwR+GvDdRsk+eZvz6GV+MbIkOlZqON2LQ=="
    }
  }
}
